
Microsoft Visual Studio Solution File, Format Version 12.00
# Visual Studio Version 17
VisualStudioVersion = 17.8.34330.188
MinimumVisualStudioVersion = 10.0.40219.1
Project("{FAE04EC0-301F-11D3-BF4B-00C04F79EFBC}") = "MauiApp1", "MauiApp1\MauiApp1.csproj", "{339209B4-9648-48E2-AA68-EF327A494B91}"
EndProject
Global
	GlobalSection(SolutionConfigurationPlatforms) = preSolution
		Debug|Any CPU = Debug|Any CPU
		Release|Any CPU = Release|Any CPU
	EndGlobalSection
	GlobalSection(ProjectConfigurationPlatforms) = postSolution
		{339209B4-9648-48E2-AA68-EF327A494B91}.Debug|Any CPU.ActiveCfg = Debug|Any CPU
		{339209B4-9648-48E2-AA68-EF327A494B91}.Debug|Any CPU.Build.0 = Debug|Any CPU
		{339209B4-9648-48E2-AA68-EF327A494B91}.Debug|Any CPU.Deploy.0 = Debug|Any CPU
		{339209B4-9648-48E2-AA68-EF327A494B91}.Release|Any CPU.ActiveCfg = Release|Any CPU
		{339209B4-9648-48E2-AA68-EF327A494B91}.Release|Any CPU.Build.0 = Release|Any CPU
		{339209B4-9648-48E2-AA68-EF327A494B91}.Release|Any CPU.Deploy.0 = Release|Any CPU
	EndGlobalSection
	GlobalSection(SolutionProperties) = preSolution
		HideSolutionNode = FALSE
	EndGlobalSection
	GlobalSection(ExtensibilityGlobals) = postSolution
		SolutionGuid = {5F4181D5-8506-4476-9E47-8C17D5D74C93}
	EndGlobalSection
EndGlobal
